// !$*UTF8*$!
{
	archiveVersion = 1;
	classes = {
	};
	objectVersion = 50;
	objects = {

/* Begin PBXBuildFile section */
		7212579E25F2463100612C18 /* AutoMockableApp.swift in Sources */ = {isa = PBXBuildFile; fileRef = 7212579D25F2463100612C18 /* AutoMockableApp.swift */; };
		721257A025F2463100612C18 /* ContentView.swift in Sources */ = {isa = PBXBuildFile; fileRef = 7212579F25F2463100612C18 /* ContentView.swift */; };
		721257A225F2463200612C18 /* Assets.xcassets in Resources */ = {isa = PBXBuildFile; fileRef = 721257A125F2463200612C18 /* Assets.xcassets */; };
		721257A525F2463200612C18 /* Preview Assets.xcassets in Resources */ = {isa = PBXBuildFile; fileRef = 721257A425F2463200612C18 /* Preview Assets.xcassets */; };
		721257BB25F2463300612C18 /* AutoMockableUITests.swift in Sources */ = {isa = PBXBuildFile; fileRef = 721257BA25F2463300612C18 /* AutoMockableUITests.swift */; };
		7280FCCD25F55D3F006F0844 /* HTTPClient.swift in Sources */ = {isa = PBXBuildFile; fileRef = 7280FCCC25F55D3F006F0844 /* HTTPClient.swift */; };
		7280FCE325F6B347006F0844 /* Cancellable.swift in Sources */ = {isa = PBXBuildFile; fileRef = 7280FCE225F6B347006F0844 /* Cancellable.swift */; };
		7280FCE825F6B422006F0844 /* ErrorPresenter.swift in Sources */ = {isa = PBXBuildFile; fileRef = 7280FCE725F6B422006F0844 /* ErrorPresenter.swift */; };
		7280FCF225F6B565006F0844 /* ErrorPresenter+AutoMockable.generated.swift in Sources */ = {isa = PBXBuildFile; fileRef = 7280FCEF25F6B565006F0844 /* ErrorPresenter+AutoMockable.generated.swift */; };
		7280FCF325F6B565006F0844 /* Cancellable+AutoMockable.generated.swift in Sources */ = {isa = PBXBuildFile; fileRef = 7280FCF025F6B565006F0844 /* Cancellable+AutoMockable.generated.swift */; };
		7280FCF425F6B565006F0844 /* HTTPClient+AutoMockable.generated.swift in Sources */ = {isa = PBXBuildFile; fileRef = 7280FCF125F6B565006F0844 /* HTTPClient+AutoMockable.generated.swift */; };
		7280FD7525F7752C006F0844 /* CurrencyAPIService.swift in Sources */ = {isa = PBXBuildFile; fileRef = 7280FD7425F7752C006F0844 /* CurrencyAPIService.swift */; };
		7280FD7E25F776E4006F0844 /* CurrenciesAPIServiceTests.swift in Sources */ = {isa = PBXBuildFile; fileRef = 7280FD7D25F776E4006F0844 /* CurrenciesAPIServiceTests.swift */; };
/* End PBXBuildFile section */

/* Begin PBXContainerItemProxy section */
		721257AC25F2463300612C18 /* PBXContainerItemProxy */ = {
			isa = PBXContainerItemProxy;
			containerPortal = 7212579225F2463100612C18 /* Project object */;
			proxyType = 1;
			remoteGlobalIDString = 7212579925F2463100612C18;
			remoteInfo = AutoMockable;
		};
		721257B725F2463300612C18 /* PBXContainerItemProxy */ = {
			isa = PBXContainerItemProxy;
			containerPortal = 7212579225F2463100612C18 /* Project object */;
			proxyType = 1;
			remoteGlobalIDString = 7212579925F2463100612C18;
			remoteInfo = AutoMockable;
		};
/* End PBXContainerItemProxy section */

/* Begin PBXFileReference section */
		7212579A25F2463100612C18 /* AutoMockable.app */ = {isa = PBXFileReference; explicitFileType = wrapper.application; includeInIndex = 0; path = AutoMockable.app; sourceTree = BUILT_PRODUCTS_DIR; };
		7212579D25F2463100612C18 /* AutoMockableApp.swift */ = {isa = PBXFileReference; lastKnownFileType = sourcecode.swift; path = AutoMockableApp.swift; sourceTree = "<group>"; };
		7212579F25F2463100612C18 /* ContentView.swift */ = {isa = PBXFileReference; lastKnownFileType = sourcecode.swift; path = ContentView.swift; sourceTree = "<group>"; };
		721257A125F2463200612C18 /* Assets.xcassets */ = {isa = PBXFileReference; lastKnownFileType = folder.assetcatalog; path = Assets.xcassets; sourceTree = "<group>"; };
		721257A425F2463200612C18 /* Preview Assets.xcassets */ = {isa = PBXFileReference; lastKnownFileType = folder.assetcatalog; path = "Preview Assets.xcassets"; sourceTree = "<group>"; };
		721257A625F2463200612C18 /* Info.plist */ = {isa = PBXFileReference; lastKnownFileType = text.plist.xml; path = Info.plist; sourceTree = "<group>"; };
		721257AB25F2463300612C18 /* AutoMockableTests.xctest */ = {isa = PBXFileReference; explicitFileType = wrapper.cfbundle; includeInIndex = 0; path = AutoMockableTests.xctest; sourceTree = BUILT_PRODUCTS_DIR; };
		721257B125F2463300612C18 /* Info.plist */ = {isa = PBXFileReference; lastKnownFileType = text.plist.xml; path = Info.plist; sourceTree = "<group>"; };
		721257B625F2463300612C18 /* AutoMockableUITests.xctest */ = {isa = PBXFileReference; explicitFileType = wrapper.cfbundle; includeInIndex = 0; path = AutoMockableUITests.xctest; sourceTree = BUILT_PRODUCTS_DIR; };
		721257BA25F2463300612C18 /* AutoMockableUITests.swift */ = {isa = PBXFileReference; lastKnownFileType = sourcecode.swift; path = AutoMockableUITests.swift; sourceTree = "<group>"; };
		721257BC25F2463300612C18 /* Info.plist */ = {isa = PBXFileReference; lastKnownFileType = text.plist.xml; path = Info.plist; sourceTree = "<group>"; };
		7280FCCC25F55D3F006F0844 /* HTTPClient.swift */ = {isa = PBXFileReference; lastKnownFileType = sourcecode.swift; path = HTTPClient.swift; sourceTree = "<group>"; };
		7280FCE225F6B347006F0844 /* Cancellable.swift */ = {isa = PBXFileReference; lastKnownFileType = sourcecode.swift; path = Cancellable.swift; sourceTree = "<group>"; };
		7280FCE725F6B422006F0844 /* ErrorPresenter.swift */ = {isa = PBXFileReference; lastKnownFileType = sourcecode.swift; path = ErrorPresenter.swift; sourceTree = "<group>"; };
		7280FCEF25F6B565006F0844 /* ErrorPresenter+AutoMockable.generated.swift */ = {isa = PBXFileReference; fileEncoding = 4; lastKnownFileType = sourcecode.swift; path = "ErrorPresenter+AutoMockable.generated.swift"; sourceTree = "<group>"; };
		7280FCF025F6B565006F0844 /* Cancellable+AutoMockable.generated.swift */ = {isa = PBXFileReference; fileEncoding = 4; lastKnownFileType = sourcecode.swift; path = "Cancellable+AutoMockable.generated.swift"; sourceTree = "<group>"; };
		7280FCF125F6B565006F0844 /* HTTPClient+AutoMockable.generated.swift */ = {isa = PBXFileReference; fileEncoding = 4; lastKnownFileType = sourcecode.swift; path = "HTTPClient+AutoMockable.generated.swift"; sourceTree = "<group>"; };
		7280FD7425F7752C006F0844 /* CurrencyAPIService.swift */ = {isa = PBXFileReference; lastKnownFileType = sourcecode.swift; path = CurrencyAPIService.swift; sourceTree = "<group>"; };
		7280FD7D25F776E4006F0844 /* CurrenciesAPIServiceTests.swift */ = {isa = PBXFileReference; lastKnownFileType = sourcecode.swift; path = CurrenciesAPIServiceTests.swift; sourceTree = "<group>"; };
/* End PBXFileReference section */

/* Begin PBXFrameworksBuildPhase section */
		7212579725F2463100612C18 /* Frameworks */ = {
			isa = PBXFrameworksBuildPhase;
			buildActionMask = 2147483647;
			files = (
			);
			runOnlyForDeploymentPostprocessing = 0;
		};
		721257A825F2463300612C18 /* Frameworks */ = {
			isa = PBXFrameworksBuildPhase;
			buildActionMask = 2147483647;
			files = (
			);
			runOnlyForDeploymentPostprocessing = 0;
		};
		721257B325F2463300612C18 /* Frameworks */ = {
			isa = PBXFrameworksBuildPhase;
			buildActionMask = 2147483647;
			files = (
			);
			runOnlyForDeploymentPostprocessing = 0;
		};
/* End PBXFrameworksBuildPhase section */

/* Begin PBXGroup section */
		7212579125F2463100612C18 = {
			isa = PBXGroup;
			children = (
				7212579C25F2463100612C18 /* AutoMockable */,
				721257AE25F2463300612C18 /* AutoMockableTests */,
				721257B925F2463300612C18 /* AutoMockableUITests */,
				7212579B25F2463100612C18 /* Products */,
			);
			sourceTree = "<group>";
		};
		7212579B25F2463100612C18 /* Products */ = {
			isa = PBXGroup;
			children = (
				7212579A25F2463100612C18 /* AutoMockable.app */,
				721257AB25F2463300612C18 /* AutoMockableTests.xctest */,
				721257B625F2463300612C18 /* AutoMockableUITests.xctest */,
			);
			name = Products;
			sourceTree = "<group>";
		};
		7212579C25F2463100612C18 /* AutoMockable */ = {
			isa = PBXGroup;
			children = (
				7212579D25F2463100612C18 /* AutoMockableApp.swift */,
				7212579F25F2463100612C18 /* ContentView.swift */,
				7280FCCC25F55D3F006F0844 /* HTTPClient.swift */,
				7280FCE225F6B347006F0844 /* Cancellable.swift */,
				7280FCE725F6B422006F0844 /* ErrorPresenter.swift */,
				7280FD7425F7752C006F0844 /* CurrencyAPIService.swift */,
				721257A125F2463200612C18 /* Assets.xcassets */,
				721257A625F2463200612C18 /* Info.plist */,
				721257A325F2463200612C18 /* Preview Content */,
			);
			path = AutoMockable;
			sourceTree = "<group>";
		};
		721257A325F2463200612C18 /* Preview Content */ = {
			isa = PBXGroup;
			children = (
				721257A425F2463200612C18 /* Preview Assets.xcassets */,
			);
			path = "Preview Content";
			sourceTree = "<group>";
		};
		721257AE25F2463300612C18 /* AutoMockableTests */ = {
			isa = PBXGroup;
			children = (
				7280FCD125F6B16E006F0844 /* Generated */,
				7280FD7925F776D8006F0844 /* TestCases */,
				721257B125F2463300612C18 /* Info.plist */,
			);
			path = AutoMockableTests;
			sourceTree = "<group>";
		};
		721257B925F2463300612C18 /* AutoMockableUITests */ = {
			isa = PBXGroup;
			children = (
				721257BA25F2463300612C18 /* AutoMockableUITests.swift */,
				721257BC25F2463300612C18 /* Info.plist */,
			);
			path = AutoMockableUITests;
			sourceTree = "<group>";
		};
		7280FCD125F6B16E006F0844 /* Generated */ = {
			isa = PBXGroup;
			children = (
				7280FCF025F6B565006F0844 /* Cancellable+AutoMockable.generated.swift */,
				7280FCEF25F6B565006F0844 /* ErrorPresenter+AutoMockable.generated.swift */,
				7280FCF125F6B565006F0844 /* HTTPClient+AutoMockable.generated.swift */,
			);
			path = Generated;
			sourceTree = "<group>";
		};
		7280FD7925F776D8006F0844 /* TestCases */ = {
			isa = PBXGroup;
			children = (
				7280FD7D25F776E4006F0844 /* CurrenciesAPIServiceTests.swift */,
			);
			path = TestCases;
			sourceTree = "<group>";
		};
/* End PBXGroup section */

/* Begin PBXNativeTarget section */
		7212579925F2463100612C18 /* AutoMockable */ = {
			isa = PBXNativeTarget;
			buildConfigurationList = 721257BF25F2463300612C18 /* Build configuration list for PBXNativeTarget "AutoMockable" */;
			buildPhases = (
				7212579625F2463100612C18 /* Sources */,
				7212579725F2463100612C18 /* Frameworks */,
				7212579825F2463100612C18 /* Resources */,
			);
			buildRules = (
			);
			dependencies = (
			);
			name = AutoMockable;
			productName = AutoMockable;
			productReference = 7212579A25F2463100612C18 /* AutoMockable.app */;
			productType = "com.apple.product-type.application";
		};
		721257AA25F2463300612C18 /* AutoMockableTests */ = {
			isa = PBXNativeTarget;
			buildConfigurationList = 721257C225F2463300612C18 /* Build configuration list for PBXNativeTarget "AutoMockableTests" */;
			buildPhases = (
				7254D15525F5585B0030D297 /* Sourcery */,
				721257A725F2463300612C18 /* Sources */,
				721257A825F2463300612C18 /* Frameworks */,
				721257A925F2463300612C18 /* Resources */,
			);
			buildRules = (
			);
			dependencies = (
				721257AD25F2463300612C18 /* PBXTargetDependency */,
			);
			name = AutoMockableTests;
			productName = AutoMockableTests;
			productReference = 721257AB25F2463300612C18 /* AutoMockableTests.xctest */;
			productType = "com.apple.product-type.bundle.unit-test";
		};
		721257B525F2463300612C18 /* AutoMockableUITests */ = {
			isa = PBXNativeTarget;
			buildConfigurationList = 721257C525F2463300612C18 /* Build configuration list for PBXNativeTarget "AutoMockableUITests" */;
			buildPhases = (
				721257B225F2463300612C18 /* Sources */,
				721257B325F2463300612C18 /* Frameworks */,
				721257B425F2463300612C18 /* Resources */,
			);
			buildRules = (
			);
			dependencies = (
				721257B825F2463300612C18 /* PBXTargetDependency */,
			);
			name = AutoMockableUITests;
			productName = AutoMockableUITests;
			productReference = 721257B625F2463300612C18 /* AutoMockableUITests.xctest */;
			productType = "com.apple.product-type.bundle.ui-testing";
		};
/* End PBXNativeTarget section */

/* Begin PBXProject section */
		7212579225F2463100612C18 /* Project object */ = {
			isa = PBXProject;
			attributes = {
				LastSwiftUpdateCheck = 1240;
				LastUpgradeCheck = 1240;
				TargetAttributes = {
					7212579925F2463100612C18 = {
						CreatedOnToolsVersion = 12.4;
					};
					721257AA25F2463300612C18 = {
						CreatedOnToolsVersion = 12.4;
						TestTargetID = 7212579925F2463100612C18;
					};
					721257B525F2463300612C18 = {
						CreatedOnToolsVersion = 12.4;
						TestTargetID = 7212579925F2463100612C18;
					};
				};
			};
			buildConfigurationList = 7212579525F2463100612C18 /* Build configuration list for PBXProject "AutoMockable" */;
			compatibilityVersion = "Xcode 9.3";
			developmentRegion = en;
			hasScannedForEncodings = 0;
			knownRegions = (
				en,
				Base,
			);
			mainGroup = 7212579125F2463100612C18;
			productRefGroup = 7212579B25F2463100612C18 /* Products */;
			projectDirPath = "";
			projectRoot = "";
			targets = (
				7212579925F2463100612C18 /* AutoMockable */,
				721257AA25F2463300612C18 /* AutoMockableTests */,
				721257B525F2463300612C18 /* AutoMockableUITests */,
			);
		};
/* End PBXProject section */

/* Begin PBXResourcesBuildPhase section */
		7212579825F2463100612C18 /* Resources */ = {
			isa = PBXResourcesBuildPhase;
			buildActionMask = 2147483647;
			files = (
				721257A525F2463200612C18 /* Preview Assets.xcassets in Resources */,
				721257A225F2463200612C18 /* Assets.xcassets in Resources */,
			);
			runOnlyForDeploymentPostprocessing = 0;
		};
		721257A925F2463300612C18 /* Resources */ = {
			isa = PBXResourcesBuildPhase;
			buildActionMask = 2147483647;
			files = (
			);
			runOnlyForDeploymentPostprocessing = 0;
		};
		721257B425F2463300612C18 /* Resources */ = {
			isa = PBXResourcesBuildPhase;
			buildActionMask = 2147483647;
			files = (
			);
			runOnlyForDeploymentPostprocessing = 0;
		};
/* End PBXResourcesBuildPhase section */

/* Begin PBXShellScriptBuildPhase section */
		7254D15525F5585B0030D297 /* Sourcery */ = {
			isa = PBXShellScriptBuildPhase;
			buildActionMask = 2147483647;
			files = (
			);
			inputFileListPaths = (
			);
			inputPaths = (
			);
			name = Sourcery;
			outputFileListPaths = (
			);
			outputPaths = (
			);
			runOnlyForDeploymentPostprocessing = 0;
			shellPath = /bin/sh;
			shellScript = "sh \"${PROJECT_DIR}/tools/sourcery.sh\"\n";
		};
/* End PBXShellScriptBuildPhase section */

/* Begin PBXSourcesBuildPhase section */
		7212579625F2463100612C18 /* Sources */ = {
			isa = PBXSourcesBuildPhase;
			buildActionMask = 2147483647;
			files = (
				721257A025F2463100612C18 /* ContentView.swift in Sources */,
				7280FD7525F7752C006F0844 /* CurrencyAPIService.swift in Sources */,
				7280FCE825F6B422006F0844 /* ErrorPresenter.swift in Sources */,
				7212579E25F2463100612C18 /* AutoMockableApp.swift in Sources */,
				7280FCE325F6B347006F0844 /* Cancellable.swift in Sources */,
				7280FCCD25F55D3F006F0844 /* HTTPClient.swift in Sources */,
			);
			runOnlyForDeploymentPostprocessing = 0;
		};
		721257A725F2463300612C18 /* Sources */ = {
			isa = PBXSourcesBuildPhase;
			buildActionMask = 2147483647;
			files = (
				7280FCF425F6B565006F0844 /* HTTPClient+AutoMockable.generated.swift in Sources */,
				7280FCF225F6B565006F0844 /* ErrorPresenter+AutoMockable.generated.swift in Sources */,
				7280FCF325F6B565006F0844 /* Cancellable+AutoMockable.generated.swift in Sources */,
				7280FD7E25F776E4006F0844 /* CurrenciesAPIServiceTests.swift in Sources */,
			);
			runOnlyForDeploymentPostprocessing = 0;
		};
		721257B225F2463300612C18 /* Sources */ = {
			isa = PBXSourcesBuildPhase;
			buildActionMask = 2147483647;
			files = (
				721257BB25F2463300612C18 /* AutoMockableUITests.swift in Sources */,
			);
			runOnlyForDeploymentPostprocessing = 0;
		};
/* End PBXSourcesBuildPhase section */

/* Begin PBXTargetDependency section */
		721257AD25F2463300612C18 /* PBXTargetDependency */ = {
			isa = PBXTargetDependency;
			target = 7212579925F2463100612C18 /* AutoMockable */;
			targetProxy = 721257AC25F2463300612C18 /* PBXContainerItemProxy */;
		};
		721257B825F2463300612C18 /* PBXTargetDependency */ = {
			isa = PBXTargetDependency;
			target = 7212579925F2463100612C18 /* AutoMockable */;
			targetProxy = 721257B725F2463300612C18 /* PBXContainerItemProxy */;
		};
/* End PBXTargetDependency section */

/* Begin XCBuildConfiguration section */
		721257BD25F2463300612C18 /* Debug */ = {
			isa = XCBuildConfiguration;
			buildSettings = {
				ALWAYS_SEARCH_USER_PATHS = NO;
				CLANG_ANALYZER_NONNULL = YES;
				CLANG_ANALYZER_NUMBER_OBJECT_CONVERSION = YES_AGGRESSIVE;
				CLANG_CXX_LANGUAGE_STANDARD = "gnu++14";
				CLANG_CXX_LIBRARY = "libc++";
				CLANG_ENABLE_MODULES = YES;
				CLANG_ENABLE_OBJC_ARC = YES;
				CLANG_ENABLE_OBJC_WEAK = YES;
				CLANG_WARN_BLOCK_CAPTURE_AUTORELEASING = YES;
				CLANG_WARN_BOOL_CONVERSION = YES;
				CLANG_WARN_COMMA = YES;
				CLANG_WARN_CONSTANT_CONVERSION = YES;
				CLANG_WARN_DEPRECATED_OBJC_IMPLEMENTATIONS = YES;
				CLANG_WARN_DIRECT_OBJC_ISA_USAGE = YES_ERROR;
				CLANG_WARN_DOCUMENTATION_COMMENTS = YES;
				CLANG_WARN_EMPTY_BODY = YES;
				CLANG_WARN_ENUM_CONVERSION = YES;
				CLANG_WARN_INFINITE_RECURSION = YES;
				CLANG_WARN_INT_CONVERSION = YES;
				CLANG_WARN_NON_LITERAL_NULL_CONVERSION = YES;
				CLANG_WARN_OBJC_IMPLICIT_RETAIN_SELF = YES;
				CLANG_WARN_OBJC_LITERAL_CONVERSION = YES;
				CLANG_WARN_OBJC_ROOT_CLASS = YES_ERROR;
				CLANG_WARN_QUOTED_INCLUDE_IN_FRAMEWORK_HEADER = YES;
				CLANG_WARN_RANGE_LOOP_ANALYSIS = YES;
				CLANG_WARN_STRICT_PROTOTYPES = YES;
				CLANG_WARN_SUSPICIOUS_MOVE = YES;
				CLANG_WARN_UNGUARDED_AVAILABILITY = YES_AGGRESSIVE;
				CLANG_WARN_UNREACHABLE_CODE = YES;
				CLANG_WARN__DUPLICATE_METHOD_MATCH = YES;
				COPY_PHASE_STRIP = NO;
				DEBUG_INFORMATION_FORMAT = dwarf;
				ENABLE_STRICT_OBJC_MSGSEND = YES;
				ENABLE_TESTABILITY = YES;
				GCC_C_LANGUAGE_STANDARD = gnu11;
				GCC_DYNAMIC_NO_PIC = NO;
				GCC_NO_COMMON_BLOCKS = YES;
				GCC_OPTIMIZATION_LEVEL = 0;
				GCC_PREPROCESSOR_DEFINITIONS = (
					"DEBUG=1",
					"$(inherited)",
				);
				GCC_WARN_64_TO_32_BIT_CONVERSION = YES;
				GCC_WARN_ABOUT_RETURN_TYPE = YES_ERROR;
				GCC_WARN_UNDECLARED_SELECTOR = YES;
				GCC_WARN_UNINITIALIZED_AUTOS = YES_AGGRESSIVE;
				GCC_WARN_UNUSED_FUNCTION = YES;
				GCC_WARN_UNUSED_VARIABLE = YES;
				IPHONEOS_DEPLOYMENT_TARGET = 14.4;
				MTL_ENABLE_DEBUG_INFO = INCLUDE_SOURCE;
				MTL_FAST_MATH = YES;
				ONLY_ACTIVE_ARCH = YES;
				SDKROOT = iphoneos;
				SWIFT_ACTIVE_COMPILATION_CONDITIONS = DEBUG;
				SWIFT_OPTIMIZATION_LEVEL = "-Onone";
			};
			name = Debug;
		};
		721257BE25F2463300612C18 /* Release */ = {
			isa = XCBuildConfiguration;
			buildSettings = {
				ALWAYS_SEARCH_USER_PATHS = NO;
				CLANG_ANALYZER_NONNULL = YES;
				CLANG_ANALYZER_NUMBER_OBJECT_CONVERSION = YES_AGGRESSIVE;
				CLANG_CXX_LANGUAGE_STANDARD = "gnu++14";
				CLANG_CXX_LIBRARY = "libc++";
				CLANG_ENABLE_MODULES = YES;
				CLANG_ENABLE_OBJC_ARC = YES;
				CLANG_ENABLE_OBJC_WEAK = YES;
				CLANG_WARN_BLOCK_CAPTURE_AUTORELEASING = YES;
				CLANG_WARN_BOOL_CONVERSION = YES;
				CLANG_WARN_COMMA = YES;
				CLANG_WARN_CONSTANT_CONVERSION = YES;
				CLANG_WARN_DEPRECATED_OBJC_IMPLEMENTATIONS = YES;
				CLANG_WARN_DIRECT_OBJC_ISA_USAGE = YES_ERROR;
				CLANG_WARN_DOCUMENTATION_COMMENTS = YES;
				CLANG_WARN_EMPTY_BODY = YES;
				CLANG_WARN_ENUM_CONVERSION = YES;
				CLANG_WARN_INFINITE_RECURSION = YES;
				CLANG_WARN_INT_CONVERSION = YES;
				CLANG_WARN_NON_LITERAL_NULL_CONVERSION = YES;
				CLANG_WARN_OBJC_IMPLICIT_RETAIN_SELF = YES;
				CLANG_WARN_OBJC_LITERAL_CONVERSION = YES;
				CLANG_WARN_OBJC_ROOT_CLASS = YES_ERROR;
				CLANG_WARN_QUOTED_INCLUDE_IN_FRAMEWORK_HEADER = YES;
				CLANG_WARN_RANGE_LOOP_ANALYSIS = YES;
				CLANG_WARN_STRICT_PROTOTYPES = YES;
				CLANG_WARN_SUSPICIOUS_MOVE = YES;
				CLANG_WARN_UNGUARDED_AVAILABILITY = YES_AGGRESSIVE;
				CLANG_WARN_UNREACHABLE_CODE = YES;
				CLANG_WARN__DUPLICATE_METHOD_MATCH = YES;
				COPY_PHASE_STRIP = NO;
				DEBUG_INFORMATION_FORMAT = "dwarf-with-dsym";
				ENABLE_NS_ASSERTIONS = NO;
				ENABLE_STRICT_OBJC_MSGSEND = YES;
				GCC_C_LANGUAGE_STANDARD = gnu11;
				GCC_NO_COMMON_BLOCKS = YES;
				GCC_WARN_64_TO_32_BIT_CONVERSION = YES;
				GCC_WARN_ABOUT_RETURN_TYPE = YES_ERROR;
				GCC_WARN_UNDECLARED_SELECTOR = YES;
				GCC_WARN_UNINITIALIZED_AUTOS = YES_AGGRESSIVE;
				GCC_WARN_UNUSED_FUNCTION = YES;
				GCC_WARN_UNUSED_VARIABLE = YES;
				IPHONEOS_DEPLOYMENT_TARGET = 14.4;
				MTL_ENABLE_DEBUG_INFO = NO;
				MTL_FAST_MATH = YES;
				SDKROOT = iphoneos;
				SWIFT_COMPILATION_MODE = wholemodule;
				SWIFT_OPTIMIZATION_LEVEL = "-O";
				VALIDATE_PRODUCT = YES;
			};
			name = Release;
		};
		721257C025F2463300612C18 /* Debug */ = {
			isa = XCBuildConfiguration;
			buildSettings = {
				ASSETCATALOG_COMPILER_APPICON_NAME = AppIcon;
				ASSETCATALOG_COMPILER_GLOBAL_ACCENT_COLOR_NAME = AccentColor;
				CODE_SIGN_STYLE = Automatic;
				DEVELOPMENT_ASSET_PATHS = "\"AutoMockable/Preview Content\"";
				DEVELOPMENT_TEAM = VYM63Q4M4M;
				ENABLE_PREVIEWS = YES;
				INFOPLIST_FILE = AutoMockable/Info.plist;
				IPHONEOS_DEPLOYMENT_TARGET = 14.0;
				LD_RUNPATH_SEARCH_PATHS = (
					"$(inherited)",
					"@executable_path/Frameworks",
				);
				PRODUCT_BUNDLE_IDENTIFIER = com.v8tr.AutoMockable;
				PRODUCT_NAME = "$(TARGET_NAME)";
				SWIFT_VERSION = 5.0;
				TARGETED_DEVICE_FAMILY = "1,2";
			};
			name = Debug;
		};
		721257C125F2463300612C18 /* Release */ = {
			isa = XCBuildConfiguration;
			buildSettings = {
				ASSETCATALOG_COMPILER_APPICON_NAME = AppIcon;
				ASSETCATALOG_COMPILER_GLOBAL_ACCENT_COLOR_NAME = AccentColor;
				CODE_SIGN_STYLE = Automatic;
				DEVELOPMENT_ASSET_PATHS = "\"AutoMockable/Preview Content\"";
				DEVELOPMENT_TEAM = VYM63Q4M4M;
				ENABLE_PREVIEWS = YES;
				INFOPLIST_FILE = AutoMockable/Info.plist;
				IPHONEOS_DEPLOYMENT_TARGET = 14.0;
				LD_RUNPATH_SEARCH_PATHS = (
					"$(inherited)",
					"@executable_path/Frameworks",
				);
				PRODUCT_BUNDLE_IDENTIFIER = com.v8tr.AutoMockable;
				PRODUCT_NAME = "$(TARGET_NAME)";
				SWIFT_VERSION = 5.0;
				TARGETED_DEVICE_FAMILY = "1,2";
			};
			name = Release;
		};
		721257C325F2463300612C18 /* Debug */ = {
			isa = XCBuildConfiguration;
			buildSettings = {
				ALWAYS_EMBED_SWIFT_STANDARD_LIBRARIES = YES;
				BUNDLE_LOADER = "$(TEST_HOST)";
				CODE_SIGN_STYLE = Automatic;
				DEVELOPMENT_TEAM = VYM63Q4M4M;
				INFOPLIST_FILE = AutoMockableTests/Info.plist;
				IPHONEOS_DEPLOYMENT_TARGET = 14.0;
				LD_RUNPATH_SEARCH_PATHS = (
					"$(inherited)",
					"@executable_path/Frameworks",
					"@loader_path/Frameworks",
				);
				PRODUCT_BUNDLE_IDENTIFIER = com.v8tr.AutoMockableTests;
				PRODUCT_NAME = "$(TARGET_NAME)";
				SWIFT_VERSION = 5.0;
				TARGETED_DEVICE_FAMILY = "1,2";
				TEST_HOST = "$(BUILT_PRODUCTS_DIR)/AutoMockable.app/AutoMockable";
			};
			name = Debug;
		};
		721257C425F2463300612C18 /* Release */ = {
			isa = XCBuildConfiguration;
			buildSettings = {
				ALWAYS_EMBED_SWIFT_STANDARD_LIBRARIES = YES;
				BUNDLE_LOADER = "$(TEST_HOST)";
				CODE_SIGN_STYLE = Automatic;
				DEVELOPMENT_TEAM = VYM63Q4M4M;
				INFOPLIST_FILE = AutoMockableTests/Info.plist;
				IPHONEOS_DEPLOYMENT_TARGET = 14.0;
				LD_RUNPATH_SEARCH_PATHS = (
					"$(inherited)",
					"@executable_path/Frameworks",
					"@loader_path/Frameworks",
				);
				PRODUCT_BUNDLE_IDENTIFIER = com.v8tr.AutoMockableTests;
				PRODUCT_NAME = "$(TARGET_NAME)";
				SWIFT_VERSION = 5.0;
				TARGETED_DEVICE_FAMILY = "1,2";
				TEST_HOST = "$(BUILT_PRODUCTS_DIR)/AutoMockable.app/AutoMockable";
			};
			name = Release;
		};
		721257C625F2463300612C18 /* Debug */ = {
			isa = XCBuildConfiguration;
			buildSettings = {
				ALWAYS_EMBED_SWIFT_STANDARD_LIBRARIES = YES;
				CODE_SIGN_STYLE = Automatic;
				DEVELOPMENT_TEAM = VYM63Q4M4M;
				INFOPLIST_FILE = AutoMockableUITests/Info.plist;
				LD_RUNPATH_SEARCH_PATHS = (
					"$(inherited)",
					"@executable_path/Frameworks",
					"@loader_path/Frameworks",
				);
				PRODUCT_BUNDLE_IDENTIFIER = com.v8tr.AutoMockableUITests;
				PRODUCT_NAME = "$(TARGET_NAME)";
				SWIFT_VERSION = 5.0;
				TARGETED_DEVICE_FAMILY = "1,2";
				TEST_TARGET_NAME = AutoMockable;
			};
			name = Debug;
		};
		721257C725F2463300612C18 /* Release */ = {
			isa = XCBuildConfiguration;
			buildSettings = {
				ALWAYS_EMBED_SWIFT_STANDARD_LIBRARIES = YES;
				CODE_SIGN_STYLE = Automatic;
				DEVELOPMENT_TEAM = VYM63Q4M4M;
				INFOPLIST_FILE = AutoMockableUITests/Info.plist;
				LD_RUNPATH_SEARCH_PATHS = (
					"$(inherited)",
					"@executable_path/Frameworks",
					"@loader_path/Frameworks",
				);
				PRODUCT_BUNDLE_IDENTIFIER = com.v8tr.AutoMockableUITests;
				PRODUCT_NAME = "$(TARGET_NAME)";
				SWIFT_VERSION = 5.0;
				TARGETED_DEVICE_FAMILY = "1,2";
				TEST_TARGET_NAME = AutoMockable;
			};
			name = Release;
		};
/* End XCBuildConfiguration section */

/* Begin XCConfigurationList section */
		7212579525F2463100612C18 /* Build configuration list for PBXProject "AutoMockable" */ = {
			isa = XCConfigurationList;
			buildConfigurations = (
				721257BD25F2463300612C18 /* Debug */,
				721257BE25F2463300612C18 /* Release */,
			);
			defaultConfigurationIsVisible = 0;
			defaultConfigurationName = Release;
		};
		721257BF25F2463300612C18 /* Build configuration list for PBXNativeTarget "AutoMockable" */ = {
			isa = XCConfigurationList;
			buildConfigurations = (
				721257C025F2463300612C18 /* Debug */,
				721257C125F2463300612C18 /* Release */,
			);
			defaultConfigurationIsVisible = 0;
			defaultConfigurationName = Release;
		};
		721257C225F2463300612C18 /* Build configuration list for PBXNativeTarget "AutoMockableTests" */ = {
			isa = XCConfigurationList;
			buildConfigurations = (
				721257C325F2463300612C18 /* Debug */,
				721257C425F2463300612C18 /* Release */,
			);
			defaultConfigurationIsVisible = 0;
			defaultConfigurationName = Release;
		};
		721257C525F2463300612C18 /* Build configuration list for PBXNativeTarget "AutoMockableUITests" */ = {
			isa = XCConfigurationList;
			buildConfigurations = (
				721257C625F2463300612C18 /* Debug */,
				721257C725F2463300612C18 /* Release */,
			);
			defaultConfigurationIsVisible = 0;
			defaultConfigurationName = Release;
		};
/* End XCConfigurationList section */
	};
	rootObject = 7212579225F2463100612C18 /* Project object */;
}
